// !$*UTF8*$!
{
	archiveVersion = 1;
	classes = {
	};
	objectVersion = 56;
	objects = {

/* Begin PBXBuildFile section */
		89A38A652C74EE8B001A8374 /* BookDetailView.swift in Sources */ = {isa = PBXBuildFile; fileRef = 89A38A642C74EE8B001A8374 /* BookDetailView.swift */; };
		89A38A6A2C74F31F001A8374 /* BookManager.swift in Sources */ = {isa = PBXBuildFile; fileRef = 89A38A692C74F31F001A8374 /* BookManager.swift */; };
		89A38A6F2C74F3E1001A8374 /* FirebaseFirestore in Frameworks */ = {isa = PBXBuildFile; productRef = 89A38A6E2C74F3E1001A8374 /* FirebaseFirestore */; };
		89A38A712C74F505001A8374 /* Book.swift in Sources */ = {isa = PBXBuildFile; fileRef = 89A38A702C74F505001A8374 /* Book.swift */; };
		89EAF6832C74C37B002211DF /* StoriiAppOlsunApp.swift in Sources */ = {isa = PBXBuildFile; fileRef = 89EAF6822C74C37B002211DF /* StoriiAppOlsunApp.swift */; };
		89EAF6852C74C37B002211DF /* ContentView.swift in Sources */ = {isa = PBXBuildFile; fileRef = 89EAF6842C74C37B002211DF /* ContentView.swift */; };
		89EAF6872C74C37C002211DF /* Assets.xcassets in Resources */ = {isa = PBXBuildFile; fileRef = 89EAF6862C74C37C002211DF /* Assets.xcassets */; };
		89EAF68A2C74C37C002211DF /* Preview Assets.xcassets in Resources */ = {isa = PBXBuildFile; fileRef = 89EAF6892C74C37C002211DF /* Preview Assets.xcassets */; };
		89EAF6912C74D1A3002211DF /* LibraryView.swift in Sources */ = {isa = PBXBuildFile; fileRef = 89EAF6902C74D1A3002211DF /* LibraryView.swift */; };
		89EAF6932C74D1C8002211DF /* DiscoverView.swift in Sources */ = {isa = PBXBuildFile; fileRef = 89EAF6922C74D1C8002211DF /* DiscoverView.swift */; };
		89EAF6952C74D267002211DF /* ProfileView.swift in Sources */ = {isa = PBXBuildFile; fileRef = 89EAF6942C74D267002211DF /* ProfileView.swift */; };
		89EAF6972C74D323002211DF /* RankView.swift in Sources */ = {isa = PBXBuildFile; fileRef = 89EAF6962C74D323002211DF /* RankView.swift */; };
/* End PBXBuildFile section */

/* Begin PBXFileReference section */
		89A38A642C74EE8B001A8374 /* BookDetailView.swift */ = {isa = PBXFileReference; lastKnownFileType = sourcecode.swift; path = BookDetailView.swift; sourceTree = "<group>"; };
		89A38A692C74F31F001A8374 /* BookManager.swift */ = {isa = PBXFileReference; lastKnownFileType = sourcecode.swift; path = BookManager.swift; sourceTree = "<group>"; };
		89A38A702C74F505001A8374 /* Book.swift */ = {isa = PBXFileReference; lastKnownFileType = sourcecode.swift; path = Book.swift; sourceTree = "<group>"; };
		89EAF67F2C74C37B002211DF /* StoriiAppOlsun.app */ = {isa = PBXFileReference; explicitFileType = wrapper.application; includeInIndex = 0; path = StoriiAppOlsun.app; sourceTree = BUILT_PRODUCTS_DIR; };
		89EAF6822C74C37B002211DF /* StoriiAppOlsunApp.swift */ = {isa = PBXFileReference; lastKnownFileType = sourcecode.swift; path = StoriiAppOlsunApp.swift; sourceTree = "<group>"; };
		89EAF6842C74C37B002211DF /* ContentView.swift */ = {isa = PBXFileReference; lastKnownFileType = sourcecode.swift; path = ContentView.swift; sourceTree = "<group>"; };
		89EAF6862C74C37C002211DF /* Assets.xcassets */ = {isa = PBXFileReference; lastKnownFileType = folder.assetcatalog; path = Assets.xcassets; sourceTree = "<group>"; };
		89EAF6892C74C37C002211DF /* Preview Assets.xcassets */ = {isa = PBXFileReference; lastKnownFileType = folder.assetcatalog; path = "Preview Assets.xcassets"; sourceTree = "<group>"; };
		89EAF6902C74D1A3002211DF /* LibraryView.swift */ = {isa = PBXFileReference; lastKnownFileType = sourcecode.swift; path = LibraryView.swift; sourceTree = "<group>"; };
		89EAF6922C74D1C8002211DF /* DiscoverView.swift */ = {isa = PBXFileReference; lastKnownFileType = sourcecode.swift; path = DiscoverView.swift; sourceTree = "<group>"; };
		89EAF6942C74D267002211DF /* ProfileView.swift */ = {isa = PBXFileReference; lastKnownFileType = sourcecode.swift; path = ProfileView.swift; sourceTree = "<group>"; };
		89EAF6962C74D323002211DF /* RankView.swift */ = {isa = PBXFileReference; lastKnownFileType = sourcecode.swift; path = RankView.swift; sourceTree = "<group>"; };
/* End PBXFileReference section */

/* Begin PBXFrameworksBuildPhase section */
		89EAF67C2C74C37B002211DF /* Frameworks */ = {
			isa = PBXFrameworksBuildPhase;
			buildActionMask = 2147483647;
			files = (
				89A38A6F2C74F3E1001A8374 /* FirebaseFirestore in Frameworks */,
			);
			runOnlyForDeploymentPostprocessing = 0;
		};
/* End PBXFrameworksBuildPhase section */

/* Begin PBXGroup section */
		89A38A662C74F194001A8374 /* Managers */ = {
			isa = PBXGroup;
			children = (
				89A38A692C74F31F001A8374 /* BookManager.swift */,
				89A38A702C74F505001A8374 /* Book.swift */,
			);
			path = Managers;
			sourceTree = "<group>";
		};
		89A38A6D2C74F3E1001A8374 /* Frameworks */ = {
			isa = PBXGroup;
			children = (
			);
			name = Frameworks;
			sourceTree = "<group>";
		};
		89EAF6762C74C37B002211DF = {
			isa = PBXGroup;
			children = (
				89EAF6812C74C37B002211DF /* StoriiAppOlsun */,
				89EAF6802C74C37B002211DF /* Products */,
				89A38A6D2C74F3E1001A8374 /* Frameworks */,
			);
			sourceTree = "<group>";
		};
		89EAF6802C74C37B002211DF /* Products */ = {
			isa = PBXGroup;
			children = (
				89EAF67F2C74C37B002211DF /* StoriiAppOlsun.app */,
			);
			name = Products;
			sourceTree = "<group>";
		};
		89EAF6812C74C37B002211DF /* StoriiAppOlsun */ = {
			isa = PBXGroup;
			children = (
				89A38A662C74F194001A8374 /* Managers */,
				89EAF6942C74D267002211DF /* ProfileView.swift */,
				89EAF6922C74D1C8002211DF /* DiscoverView.swift */,
				89EAF6902C74D1A3002211DF /* LibraryView.swift */,
				89EAF6822C74C37B002211DF /* StoriiAppOlsunApp.swift */,
				89EAF6842C74C37B002211DF /* ContentView.swift */,
				89EAF6862C74C37C002211DF /* Assets.xcassets */,
				89EAF6882C74C37C002211DF /* Preview Content */,
				89EAF6962C74D323002211DF /* RankView.swift */,
				89A38A642C74EE8B001A8374 /* BookDetailView.swift */,
			);
			path = StoriiAppOlsun;
			sourceTree = "<group>";
		};
		89EAF6882C74C37C002211DF /* Preview Content */ = {
			isa = PBXGroup;
			children = (
				89EAF6892C74C37C002211DF /* Preview Assets.xcassets */,
			);
			path = "Preview Content";
			sourceTree = "<group>";
		};
/* End PBXGroup section */

/* Begin PBXNativeTarget section */
		89EAF67E2C74C37B002211DF /* StoriiAppOlsun */ = {
			isa = PBXNativeTarget;
			buildConfigurationList = 89EAF68D2C74C37C002211DF /* Build configuration list for PBXNativeTarget "StoriiAppOlsun" */;
			buildPhases = (
				89EAF67B2C74C37B002211DF /* Sources */,
				89EAF67C2C74C37B002211DF /* Frameworks */,
				89EAF67D2C74C37B002211DF /* Resources */,
			);
			buildRules = (
			);
			dependencies = (
			);
			name = StoriiAppOlsun;
			packageProductDependencies = (
				89A38A6E2C74F3E1001A8374 /* FirebaseFirestore */,
			);
			productName = StoriiAppOlsun;
			productReference = 89EAF67F2C74C37B002211DF /* StoriiAppOlsun.app */;
			productType = "com.apple.product-type.application";
		};
/* End PBXNativeTarget section */

/* Begin PBXProject section */
		89EAF6772C74C37B002211DF /* Project object */ = {
			isa = PBXProject;
			attributes = {
				BuildIndependentTargetsInParallel = 1;
				LastSwiftUpdateCheck = 1540;
				LastUpgradeCheck = 1540;
				TargetAttributes = {
					89EAF67E2C74C37B002211DF = {
						CreatedOnToolsVersion = 15.4;
					};
				};
			};
			buildConfigurationList = 89EAF67A2C74C37B002211DF /* Build configuration list for PBXProject "StoriiAppOlsun" */;
			compatibilityVersion = "Xcode 14.0";
			developmentRegion = en;
			hasScannedForEncodings = 0;
			knownRegions = (
				en,
				Base,
			);
			mainGroup = 89EAF6762C74C37B002211DF;
			packageReferences = (
				89A38A6C2C74F3B3001A8374 /* XCRemoteSwiftPackageReference "firebase-ios-sdk" */,
			);
			productRefGroup = 89EAF6802C74C37B002211DF /* Products */;
			projectDirPath = "";
			projectRoot = "";
			targets = (
				89EAF67E2C74C37B002211DF /* StoriiAppOlsun */,
			);
		};
/* End PBXProject section */

/* Begin PBXResourcesBuildPhase section */
		89EAF67D2C74C37B002211DF /* Resources */ = {
			isa = PBXResourcesBuildPhase;
			buildActionMask = 2147483647;
			files = (
				89EAF68A2C74C37C002211DF /* Preview Assets.xcassets in Resources */,
				89EAF6872C74C37C002211DF /* Assets.xcassets in Resources */,
			);
			runOnlyForDeploymentPostprocessing = 0;
		};
/* End PBXResourcesBuildPhase section */

/* Begin PBXSourcesBuildPhase section */
		89EAF67B2C74C37B002211DF /* Sources */ = {
			isa = PBXSourcesBuildPhase;
			buildActionMask = 2147483647;
			files = (
				89EAF6852C74C37B002211DF /* ContentView.swift in Sources */,
				89EAF6912C74D1A3002211DF /* LibraryView.swift in Sources */,
				89A38A6A2C74F31F001A8374 /* BookManager.swift in Sources */,
				89EAF6952C74D267002211DF /* ProfileView.swift in Sources */,
				89EAF6832C74C37B002211DF /* StoriiAppOlsunApp.swift in Sources */,
				89A38A712C74F505001A8374 /* Book.swift in Sources */,
				89EAF6972C74D323002211DF /* RankView.swift in Sources */,
				89EAF6932C74D1C8002211DF /* DiscoverView.swift in Sources */,
				89A38A652C74EE8B001A8374 /* BookDetailView.swift in Sources */,
			);
			runOnlyForDeploymentPostprocessing = 0;
		};
/* End PBXSourcesBuildPhase section */

/* Begin XCBuildConfiguration section */
		89EAF68B2C74C37C002211DF /* Debug */ = {
			isa = XCBuildConfiguration;
			buildSettings = {
				ALWAYS_SEARCH_USER_PATHS = NO;
				ASSETCATALOG_COMPILER_GENERATE_SWIFT_ASSET_SYMBOL_EXTENSIONS = YES;
				CLANG_ANALYZER_NONNULL = YES;
				CLANG_ANALYZER_NUMBER_OBJECT_CONVERSION = YES_AGGRESSIVE;
				CLANG_CXX_LANGUAGE_STANDARD = "gnu++20";
				CLANG_ENABLE_MODULES = YES;
				CLANG_ENABLE_OBJC_ARC = YES;
				CLANG_ENABLE_OBJC_WEAK = YES;
				CLANG_WARN_BLOCK_CAPTURE_AUTORELEASING = YES;
				CLANG_WARN_BOOL_CONVERSION = YES;
				CLANG_WARN_COMMA = YES;
				CLANG_WARN_CONSTANT_CONVERSION = YES;
				CLANG_WARN_DEPRECATED_OBJC_IMPLEMENTATIONS = YES;
				CLANG_WARN_DIRECT_OBJC_ISA_USAGE = YES_ERROR;
				CLANG_WARN_DOCUMENTATION_COMMENTS = YES;
				CLANG_WARN_EMPTY_BODY = YES;
				CLANG_WARN_ENUM_CONVERSION = YES;
				CLANG_WARN_INFINITE_RECURSION = YES;
				CLANG_WARN_INT_CONVERSION = YES;
				CLANG_WARN_NON_LITERAL_NULL_CONVERSION = YES;
				CLANG_WARN_OBJC_IMPLICIT_RETAIN_SELF = YES;
				CLANG_WARN_OBJC_LITERAL_CONVERSION = YES;
				CLANG_WARN_OBJC_ROOT_CLASS = YES_ERROR;
				CLANG_WARN_QUOTED_INCLUDE_IN_FRAMEWORK_HEADER = YES;
				CLANG_WARN_RANGE_LOOP_ANALYSIS = YES;
				CLANG_WARN_STRICT_PROTOTYPES = YES;
				CLANG_WARN_SUSPICIOUS_MOVE = YES;
				CLANG_WARN_UNGUARDED_AVAILABILITY = YES_AGGRESSIVE;
				CLANG_WARN_UNREACHABLE_CODE = YES;
				CLANG_WARN__DUPLICATE_METHOD_MATCH = YES;
				COPY_PHASE_STRIP = NO;
				DEBUG_INFORMATION_FORMAT = dwarf;
				ENABLE_STRICT_OBJC_MSGSEND = YES;
				ENABLE_TESTABILITY = YES;
				ENABLE_USER_SCRIPT_SANDBOXING = YES;
				GCC_C_LANGUAGE_STANDARD = gnu17;
				GCC_DYNAMIC_NO_PIC = NO;
				GCC_NO_COMMON_BLOCKS = YES;
				GCC_OPTIMIZATION_LEVEL = 0;
				GCC_PREPROCESSOR_DEFINITIONS = (
					"DEBUG=1",
					"$(inherited)",
				);
				GCC_WARN_64_TO_32_BIT_CONVERSION = YES;
				GCC_WARN_ABOUT_RETURN_TYPE = YES_ERROR;
				GCC_WARN_UNDECLARED_SELECTOR = YES;
				GCC_WARN_UNINITIALIZED_AUTOS = YES_AGGRESSIVE;
				GCC_WARN_UNUSED_FUNCTION = YES;
				GCC_WARN_UNUSED_VARIABLE = YES;
				IPHONEOS_DEPLOYMENT_TARGET = 17.5;
				LOCALIZATION_PREFERS_STRING_CATALOGS = YES;
				MTL_ENABLE_DEBUG_INFO = INCLUDE_SOURCE;
				MTL_FAST_MATH = YES;
				ONLY_ACTIVE_ARCH = YES;
				SDKROOT = iphoneos;
				SWIFT_ACTIVE_COMPILATION_CONDITIONS = "DEBUG $(inherited)";
				SWIFT_OPTIMIZATION_LEVEL = "-Onone";
			};
			name = Debug;
		};
		89EAF68C2C74C37C002211DF /* Release */ = {
			isa = XCBuildConfiguration;
			buildSettings = {
				ALWAYS_SEARCH_USER_PATHS = NO;
				ASSETCATALOG_COMPILER_GENERATE_SWIFT_ASSET_SYMBOL_EXTENSIONS = YES;
				CLANG_ANALYZER_NONNULL = YES;
				CLANG_ANALYZER_NUMBER_OBJECT_CONVERSION = YES_AGGRESSIVE;
				CLANG_CXX_LANGUAGE_STANDARD = "gnu++20";
				CLANG_ENABLE_MODULES = YES;
				CLANG_ENABLE_OBJC_ARC = YES;
				CLANG_ENABLE_OBJC_WEAK = YES;
				CLANG_WARN_BLOCK_CAPTURE_AUTORELEASING = YES;
				CLANG_WARN_BOOL_CONVERSION = YES;
				CLANG_WARN_COMMA = YES;
				CLANG_WARN_CONSTANT_CONVERSION = YES;
				CLANG_WARN_DEPRECATED_OBJC_IMPLEMENTATIONS = YES;
				CLANG_WARN_DIRECT_OBJC_ISA_USAGE = YES_ERROR;
				CLANG_WARN_DOCUMENTATION_COMMENTS = YES;
				CLANG_WARN_EMPTY_BODY = YES;
				CLANG_WARN_ENUM_CONVERSION = YES;
				CLANG_WARN_INFINITE_RECURSION = YES;
				CLANG_WARN_INT_CONVERSION = YES;
				CLANG_WARN_NON_LITERAL_NULL_CONVERSION = YES;
				CLANG_WARN_OBJC_IMPLICIT_RETAIN_SELF = YES;
				CLANG_WARN_OBJC_LITERAL_CONVERSION = YES;
				CLANG_WARN_OBJC_ROOT_CLASS = YES_ERROR;
				CLANG_WARN_QUOTED_INCLUDE_IN_FRAMEWORK_HEADER = YES;
				CLANG_WARN_RANGE_LOOP_ANALYSIS = YES;
				CLANG_WARN_STRICT_PROTOTYPES = YES;
				CLANG_WARN_SUSPICIOUS_MOVE = YES;
				CLANG_WARN_UNGUARDED_AVAILABILITY = YES_AGGRESSIVE;
				CLANG_WARN_UNREACHABLE_CODE = YES;
				CLANG_WARN__DUPLICATE_METHOD_MATCH = YES;
				COPY_PHASE_STRIP = NO;
				DEBUG_INFORMATION_FORMAT = "dwarf-with-dsym";
				ENABLE_NS_ASSERTIONS = NO;
				ENABLE_STRICT_OBJC_MSGSEND = YES;
				ENABLE_USER_SCRIPT_SANDBOXING = YES;
				GCC_C_LANGUAGE_STANDARD = gnu17;
				GCC_NO_COMMON_BLOCKS = YES;
				GCC_WARN_64_TO_32_BIT_CONVERSION = YES;
				GCC_WARN_ABOUT_RETURN_TYPE = YES_ERROR;
				GCC_WARN_UNDECLARED_SELECTOR = YES;
				GCC_WARN_UNINITIALIZED_AUTOS = YES_AGGRESSIVE;
				GCC_WARN_UNUSED_FUNCTION = YES;
				GCC_WARN_UNUSED_VARIABLE = YES;
				IPHONEOS_DEPLOYMENT_TARGET = 17.5;
				LOCALIZATION_PREFERS_STRING_CATALOGS = YES;
				MTL_ENABLE_DEBUG_INFO = NO;
				MTL_FAST_MATH = YES;
				SDKROOT = iphoneos;
				SWIFT_COMPILATION_MODE = wholemodule;
				VALIDATE_PRODUCT = YES;
			};
			name = Release;
		};
		89EAF68E2C74C37C002211DF /* Debug */ = {
			isa = XCBuildConfiguration;
			buildSettings = {
				ASSETCATALOG_COMPILER_APPICON_NAME = AppIcon;
				ASSETCATALOG_COMPILER_GLOBAL_ACCENT_COLOR_NAME = AccentColor;
				CODE_SIGN_STYLE = Automatic;
				CURRENT_PROJECT_VERSION = 1;
				DEVELOPMENT_ASSET_PATHS = "\"StoriiAppOlsun/Preview Content\"";
				DEVELOPMENT_TEAM = TL3HM5DCT7;
				ENABLE_PREVIEWS = YES;
				GENERATE_INFOPLIST_FILE = YES;
				INFOPLIST_KEY_UIApplicationSceneManifest_Generation = YES;
				INFOPLIST_KEY_UIApplicationSupportsIndirectInputEvents = YES;
				INFOPLIST_KEY_UILaunchScreen_Generation = YES;
				INFOPLIST_KEY_UISupportedInterfaceOrientations_iPad = "UIInterfaceOrientationPortrait UIInterfaceOrientationPortraitUpsideDown UIInterfaceOrientationLandscapeLeft UIInterfaceOrientationLandscapeRight";
				INFOPLIST_KEY_UISupportedInterfaceOrientations_iPhone = "UIInterfaceOrientationPortrait UIInterfaceOrientationLandscapeLeft UIInterfaceOrientationLandscapeRight";
				LD_RUNPATH_SEARCH_PATHS = (
					"$(inherited)",
					"@executable_path/Frameworks",
				);
				MARKETING_VERSION = 1.0;
				PRODUCT_BUNDLE_IDENTIFIER = First.StoriiAppOlsun;
				PRODUCT_NAME = "$(TARGET_NAME)";
				SWIFT_EMIT_LOC_STRINGS = YES;
				SWIFT_VERSION = 5.0;
				TARGETED_DEVICE_FAMILY = "1,2";
			};
			name = Debug;
		};
		89EAF68F2C74C37C002211DF /* Release */ = {
			isa = XCBuildConfiguration;
			buildSettings = {
				ASSETCATALOG_COMPILER_APPICON_NAME = AppIcon;
				ASSETCATALOG_COMPILER_GLOBAL_ACCENT_COLOR_NAME = AccentColor;
				CODE_SIGN_STYLE = Automatic;
				CURRENT_PROJECT_VERSION = 1;
				DEVELOPMENT_ASSET_PATHS = "\"StoriiAppOlsun/Preview Content\"";
				DEVELOPMENT_TEAM = TL3HM5DCT7;
				ENABLE_PREVIEWS = YES;
				GENERATE_INFOPLIST_FILE = YES;
				INFOPLIST_KEY_UIApplicationSceneManifest_Generation = YES;
				INFOPLIST_KEY_UIApplicationSupportsIndirectInputEvents = YES;
				INFOPLIST_KEY_UILaunchScreen_Generation = YES;
				INFOPLIST_KEY_UISupportedInterfaceOrientations_iPad = "UIInterfaceOrientationPortrait UIInterfaceOrientationPortraitUpsideDown UIInterfaceOrientationLandscapeLeft UIInterfaceOrientationLandscapeRight";
				INFOPLIST_KEY_UISupportedInterfaceOrientations_iPhone = "UIInterfaceOrientationPortrait UIInterfaceOrientationLandscapeLeft UIInterfaceOrientationLandscapeRight";
				LD_RUNPATH_SEARCH_PATHS = (
					"$(inherited)",
					"@executable_path/Frameworks",
				);
				MARKETING_VERSION = 1.0;
				PRODUCT_BUNDLE_IDENTIFIER = First.StoriiAppOlsun;
				PRODUCT_NAME = "$(TARGET_NAME)";
				SWIFT_EMIT_LOC_STRINGS = YES;
				SWIFT_VERSION = 5.0;
				TARGETED_DEVICE_FAMILY = "1,2";
			};
			name = Release;
		};
/* End XCBuildConfiguration section */

/* Begin XCConfigurationList section */
		89EAF67A2C74C37B002211DF /* Build configuration list for PBXProject "StoriiAppOlsun" */ = {
			isa = XCConfigurationList;
			buildConfigurations = (
				89EAF68B2C74C37C002211DF /* Debug */,
				89EAF68C2C74C37C002211DF /* Release */,
			);
			defaultConfigurationIsVisible = 0;
			defaultConfigurationName = Release;
		};
		89EAF68D2C74C37C002211DF /* Build configuration list for PBXNativeTarget "StoriiAppOlsun" */ = {
			isa = XCConfigurationList;
			buildConfigurations = (
				89EAF68E2C74C37C002211DF /* Debug */,
				89EAF68F2C74C37C002211DF /* Release */,
			);
			defaultConfigurationIsVisible = 0;
			defaultConfigurationName = Release;
		};
/* End XCConfigurationList section */

/* Begin XCRemoteSwiftPackageReference section */
		89A38A6C2C74F3B3001A8374 /* XCRemoteSwiftPackageReference "firebase-ios-sdk" */ = {
			isa = XCRemoteSwiftPackageReference;
			repositoryURL = "https://github.com/firebase/firebase-ios-sdk";
			requirement = {
				kind = upToNextMajorVersion;
				minimumVersion = 11.1.0;
			};
		};
/* End XCRemoteSwiftPackageReference section */

/* Begin XCSwiftPackageProductDependency section */
		89A38A6E2C74F3E1001A8374 /* FirebaseFirestore */ = {
			isa = XCSwiftPackageProductDependency;
			package = 89A38A6C2C74F3B3001A8374 /* XCRemoteSwiftPackageReference "firebase-ios-sdk" */;
			productName = FirebaseFirestore;
		};
/* End XCSwiftPackageProductDependency section */
	};
	rootObject = 89EAF6772C74C37B002211DF /* Project object */;
}
